
Microsoft Visual Studio Solution File, Format Version 12.00
# Visual Studio Version 17
VisualStudioVersion = 17.13.35828.75 d17.13
MinimumVisualStudioVersion = 10.0.40219.1
Project("{FAE04EC0-301F-11D3-BF4B-00C04F79EFBC}") = "HUCE_DALTUD_LOPNV90_2025_0218867", "HUCE_DALTUD_LOPNV90_2025_0218867\HUCE_DALTUD_LOPNV90_2025_0218867.csproj", "{49CAB660-14F5-4B13-A42A-19803857B7DA}"
EndProject
Global
	GlobalSection(SolutionConfigurationPlatforms) = preSolution
		Debug|Any CPU = Debug|Any CPU
		Release|Any CPU = Release|Any CPU
	EndGlobalSection
	GlobalSection(ProjectConfigurationPlatforms) = postSolution
		{49CAB660-14F5-4B13-A42A-19803857B7DA}.Debug|Any CPU.ActiveCfg = Debug|Any CPU
		{49CAB660-14F5-4B13-A42A-19803857B7DA}.Debug|Any CPU.Build.0 = Debug|Any CPU
		{49CAB660-14F5-4B13-A42A-19803857B7DA}.Release|Any CPU.ActiveCfg = Release|Any CPU
		{49CAB660-14F5-4B13-A42A-19803857B7DA}.Release|Any CPU.Build.0 = Release|Any CPU
	EndGlobalSection
	GlobalSection(SolutionProperties) = preSolution
		HideSolutionNode = FALSE
	EndGlobalSection
	GlobalSection(ExtensibilityGlobals) = postSolution
		SolutionGuid = {A5EAED1D-DDE0-4B11-9702-DDC7843FE44D}
	EndGlobalSection
EndGlobal
